// !$*UTF8*$!
{
	archiveVersion = 1;
	classes = {
	};
	objectVersion = 46;
	objects = {

/* Begin PBXBuildFile section */
		6B381D961DD05ED300721E4A /* main.m in Sources */ = {isa = PBXBuildFile; fileRef = 6B381D951DD05ED300721E4A /* main.m */; };
		6B381D9E1DD05EF400721E4A /* Vehicle.m in Sources */ = {isa = PBXBuildFile; fileRef = 6B381D9D1DD05EF400721E4A /* Vehicle.m */; };
		6B381DA11DD05F1F00721E4A /* Animal.m in Sources */ = {isa = PBXBuildFile; fileRef = 6B381DA01DD05F1F00721E4A /* Animal.m */; };
		6B381DA41DD05F3C00721E4A /* Car.m in Sources */ = {isa = PBXBuildFile; fileRef = 6B381DA31DD05F3C00721E4A /* Car.m */; };
		6B381DA71DD05F5000721E4A /* Bike.m in Sources */ = {isa = PBXBuildFile; fileRef = 6B381DA61DD05F5000721E4A /* Bike.m */; };
		6B381DAA1DD05F6F00721E4A /* Dog.m in Sources */ = {isa = PBXBuildFile; fileRef = 6B381DA91DD05F6F00721E4A /* Dog.m */; };
		6B381DAD1DD05F8200721E4A /* Cat.m in Sources */ = {isa = PBXBuildFile; fileRef = 6B381DAC1DD05F8200721E4A /* Cat.m */; };
/* End PBXBuildFile section */

/* Begin PBXCopyFilesBuildPhase section */
		6B381D901DD05ED300721E4A /* CopyFiles */ = {
			isa = PBXCopyFilesBuildPhase;
			buildActionMask = 2147483647;
			dstPath = /usr/share/man/man1/;
			dstSubfolderSpec = 0;
			files = (
			);
			runOnlyForDeploymentPostprocessing = 1;
		};
/* End PBXCopyFilesBuildPhase section */

/* Begin PBXFileReference section */
		6B381D921DD05ED300721E4A /* RPProtocol */ = {isa = PBXFileReference; explicitFileType = "compiled.mach-o.executable"; includeInIndex = 0; path = RPProtocol; sourceTree = BUILT_PRODUCTS_DIR; };
		6B381D951DD05ED300721E4A /* main.m */ = {isa = PBXFileReference; lastKnownFileType = sourcecode.c.objc; path = main.m; sourceTree = "<group>"; };
		6B381D9C1DD05EF400721E4A /* Vehicle.h */ = {isa = PBXFileReference; fileEncoding = 4; lastKnownFileType = sourcecode.c.h; path = Vehicle.h; sourceTree = "<group>"; };
		6B381D9D1DD05EF400721E4A /* Vehicle.m */ = {isa = PBXFileReference; fileEncoding = 4; lastKnownFileType = sourcecode.c.objc; path = Vehicle.m; sourceTree = "<group>"; };
		6B381D9F1DD05F1F00721E4A /* Animal.h */ = {isa = PBXFileReference; fileEncoding = 4; lastKnownFileType = sourcecode.c.h; path = Animal.h; sourceTree = "<group>"; };
		6B381DA01DD05F1F00721E4A /* Animal.m */ = {isa = PBXFileReference; fileEncoding = 4; lastKnownFileType = sourcecode.c.objc; path = Animal.m; sourceTree = "<group>"; };
		6B381DA21DD05F3C00721E4A /* Car.h */ = {isa = PBXFileReference; fileEncoding = 4; lastKnownFileType = sourcecode.c.h; path = Car.h; sourceTree = "<group>"; };
		6B381DA31DD05F3C00721E4A /* Car.m */ = {isa = PBXFileReference; fileEncoding = 4; lastKnownFileType = sourcecode.c.objc; path = Car.m; sourceTree = "<group>"; };
		6B381DA51DD05F5000721E4A /* Bike.h */ = {isa = PBXFileReference; fileEncoding = 4; lastKnownFileType = sourcecode.c.h; path = Bike.h; sourceTree = "<group>"; };
		6B381DA61DD05F5000721E4A /* Bike.m */ = {isa = PBXFileReference; fileEncoding = 4; lastKnownFileType = sourcecode.c.objc; path = Bike.m; sourceTree = "<group>"; };
		6B381DA81DD05F6F00721E4A /* Dog.h */ = {isa = PBXFileReference; fileEncoding = 4; lastKnownFileType = sourcecode.c.h; path = Dog.h; sourceTree = "<group>"; };
		6B381DA91DD05F6F00721E4A /* Dog.m */ = {isa = PBXFileReference; fileEncoding = 4; lastKnownFileType = sourcecode.c.objc; path = Dog.m; sourceTree = "<group>"; };
		6B381DAB1DD05F8200721E4A /* Cat.h */ = {isa = PBXFileReference; fileEncoding = 4; lastKnownFileType = sourcecode.c.h; path = Cat.h; sourceTree = "<group>"; };
		6B381DAC1DD05F8200721E4A /* Cat.m */ = {isa = PBXFileReference; fileEncoding = 4; lastKnownFileType = sourcecode.c.objc; path = Cat.m; sourceTree = "<group>"; };
		6B381DB01DD0600D00721E4A /* MotionDelegate.h */ = {isa = PBXFileReference; fileEncoding = 4; lastKnownFileType = sourcecode.c.h; path = MotionDelegate.h; sourceTree = "<group>"; };
/* End PBXFileReference section */

/* Begin PBXFrameworksBuildPhase section */
		6B381D8F1DD05ED300721E4A /* Frameworks */ = {
			isa = PBXFrameworksBuildPhase;
			buildActionMask = 2147483647;
			files = (
			);
			runOnlyForDeploymentPostprocessing = 0;
		};
/* End PBXFrameworksBuildPhase section */

/* Begin PBXGroup section */
		6B381D891DD05ED300721E4A = {
			isa = PBXGroup;
			children = (
				6B381D941DD05ED300721E4A /* RPProtocol */,
				6B381D931DD05ED300721E4A /* Products */,
			);
			sourceTree = "<group>";
		};
		6B381D931DD05ED300721E4A /* Products */ = {
			isa = PBXGroup;
			children = (
				6B381D921DD05ED300721E4A /* RPProtocol */,
			);
			name = Products;
			sourceTree = "<group>";
		};
		6B381D941DD05ED300721E4A /* RPProtocol */ = {
			isa = PBXGroup;
			children = (
				6B381D951DD05ED300721E4A /* main.m */,
				6B381DB01DD0600D00721E4A /* MotionDelegate.h */,
				6B381DAE1DD05FD400721E4A /* VehicleTree */,
				6B381DAF1DD05FE800721E4A /* AnimalTree */,
			);
			path = RPProtocol;
			sourceTree = "<group>";
		};
		6B381DAE1DD05FD400721E4A /* VehicleTree */ = {
			isa = PBXGroup;
			children = (
				6B381D9C1DD05EF400721E4A /* Vehicle.h */,
				6B381D9D1DD05EF400721E4A /* Vehicle.m */,
				6B381DA21DD05F3C00721E4A /* Car.h */,
				6B381DA31DD05F3C00721E4A /* Car.m */,
				6B381DA51DD05F5000721E4A /* Bike.h */,
				6B381DA61DD05F5000721E4A /* Bike.m */,
			);
			name = VehicleTree;
			sourceTree = "<group>";
		};
		6B381DAF1DD05FE800721E4A /* AnimalTree */ = {
			isa = PBXGroup;
			children = (
				6B381D9F1DD05F1F00721E4A /* Animal.h */,
				6B381DA01DD05F1F00721E4A /* Animal.m */,
				6B381DA81DD05F6F00721E4A /* Dog.h */,
				6B381DA91DD05F6F00721E4A /* Dog.m */,
				6B381DAB1DD05F8200721E4A /* Cat.h */,
				6B381DAC1DD05F8200721E4A /* Cat.m */,
			);
			name = AnimalTree;
			sourceTree = "<group>";
		};
/* End PBXGroup section */

/* Begin PBXNativeTarget section */
		6B381D911DD05ED300721E4A /* RPProtocol */ = {
			isa = PBXNativeTarget;
			buildConfigurationList = 6B381D991DD05ED300721E4A /* Build configuration list for PBXNativeTarget "RPProtocol" */;
			buildPhases = (
				6B381D8E1DD05ED300721E4A /* Sources */,
				6B381D8F1DD05ED300721E4A /* Frameworks */,
				6B381D901DD05ED300721E4A /* CopyFiles */,
			);
			buildRules = (
			);
			dependencies = (
			);
			name = RPProtocol;
			productName = RPProtocol;
			productReference = 6B381D921DD05ED300721E4A /* RPProtocol */;
			productType = "com.apple.product-type.tool";
		};
/* End PBXNativeTarget section */

/* Begin PBXProject section */
		6B381D8A1DD05ED300721E4A /* Project object */ = {
			isa = PBXProject;
			attributes = {
				LastUpgradeCheck = 0730;
				ORGANIZATIONNAME = "Rupali Pakale";
				TargetAttributes = {
					6B381D911DD05ED300721E4A = {
						CreatedOnToolsVersion = 7.3.1;
					};
				};
			};
			buildConfigurationList = 6B381D8D1DD05ED300721E4A /* Build configuration list for PBXProject "RPProtocol" */;
			compatibilityVersion = "Xcode 3.2";
			developmentRegion = English;
			hasScannedForEncodings = 0;
			knownRegions = (
				en,
			);
			mainGroup = 6B381D891DD05ED300721E4A;
			productRefGroup = 6B381D931DD05ED300721E4A /* Products */;
			projectDirPath = "";
			projectRoot = "";
			targets = (
				6B381D911DD05ED300721E4A /* RPProtocol */,
			);
		};
/* End PBXProject section */

/* Begin PBXSourcesBuildPhase section */
		6B381D8E1DD05ED300721E4A /* Sources */ = {
			isa = PBXSourcesBuildPhase;
			buildActionMask = 2147483647;
			files = (
				6B381DAA1DD05F6F00721E4A /* Dog.m in Sources */,
				6B381DA71DD05F5000721E4A /* Bike.m in Sources */,
				6B381DAD1DD05F8200721E4A /* Cat.m in Sources */,
				6B381DA11DD05F1F00721E4A /* Animal.m in Sources */,
				6B381D9E1DD05EF400721E4A /* Vehicle.m in Sources */,
				6B381DA41DD05F3C00721E4A /* Car.m in Sources */,
				6B381D961DD05ED300721E4A /* main.m in Sources */,
			);
			runOnlyForDeploymentPostprocessing = 0;
		};
/* End PBXSourcesBuildPhase section */

/* Begin XCBuildConfiguration section */
		6B381D971DD05ED300721E4A /* Debug */ = {
			isa = XCBuildConfiguration;
			buildSettings = {
				ALWAYS_SEARCH_USER_PATHS = NO;
				CLANG_ANALYZER_NONNULL = YES;
				CLANG_CXX_LANGUAGE_STANDARD = "gnu++0x";
				CLANG_CXX_LIBRARY = "libc++";
				CLANG_ENABLE_MODULES = YES;
				CLANG_ENABLE_OBJC_ARC = YES;
				CLANG_WARN_BOOL_CONVERSION = YES;
				CLANG_WARN_CONSTANT_CONVERSION = YES;
				CLANG_WARN_DIRECT_OBJC_ISA_USAGE = YES_ERROR;
				CLANG_WARN_EMPTY_BODY = YES;
				CLANG_WARN_ENUM_CONVERSION = YES;
				CLANG_WARN_INT_CONVERSION = YES;
				CLANG_WARN_OBJC_ROOT_CLASS = YES_ERROR;
				CLANG_WARN_UNREACHABLE_CODE = YES;
				CLANG_WARN__DUPLICATE_METHOD_MATCH = YES;
				CODE_SIGN_IDENTITY = "-";
				COPY_PHASE_STRIP = NO;
				DEBUG_INFORMATION_FORMAT = dwarf;
				ENABLE_STRICT_OBJC_MSGSEND = YES;
				ENABLE_TESTABILITY = YES;
				GCC_C_LANGUAGE_STANDARD = gnu99;
				GCC_DYNAMIC_NO_PIC = NO;
				GCC_NO_COMMON_BLOCKS = YES;
				GCC_OPTIMIZATION_LEVEL = 0;
				GCC_PREPROCESSOR_DEFINITIONS = (
					"DEBUG=1",
					"$(inherited)",
				);
				GCC_WARN_64_TO_32_BIT_CONVERSION = YES;
				GCC_WARN_ABOUT_RETURN_TYPE = YES_ERROR;
				GCC_WARN_UNDECLARED_SELECTOR = YES;
				GCC_WARN_UNINITIALIZED_AUTOS = YES_AGGRESSIVE;
				GCC_WARN_UNUSED_FUNCTION = YES;
				GCC_WARN_UNUSED_VARIABLE = YES;
				MACOSX_DEPLOYMENT_TARGET = 10.11;
				MTL_ENABLE_DEBUG_INFO = YES;
				ONLY_ACTIVE_ARCH = YES;
				SDKROOT = macosx;
			};
			name = Debug;
		};
		6B381D981DD05ED300721E4A /* Release */ = {
			isa = XCBuildConfiguration;
			buildSettings = {
				ALWAYS_SEARCH_USER_PATHS = NO;
				CLANG_ANALYZER_NONNULL = YES;
				CLANG_CXX_LANGUAGE_STANDARD = "gnu++0x";
				CLANG_CXX_LIBRARY = "libc++";
				CLANG_ENABLE_MODULES = YES;
				CLANG_ENABLE_OBJC_ARC = YES;
				CLANG_WARN_BOOL_CONVERSION = YES;
				CLANG_WARN_CONSTANT_CONVERSION = YES;
				CLANG_WARN_DIRECT_OBJC_ISA_USAGE = YES_ERROR;
				CLANG_WARN_EMPTY_BODY = YES;
				CLANG_WARN_ENUM_CONVERSION = YES;
				CLANG_WARN_INT_CONVERSION = YES;
				CLANG_WARN_OBJC_ROOT_CLASS = YES_ERROR;
				CLANG_WARN_UNREACHABLE_CODE = YES;
				CLANG_WARN__DUPLICATE_METHOD_MATCH = YES;
				CODE_SIGN_IDENTITY = "-";
				COPY_PHASE_STRIP = NO;
				DEBUG_INFORMATION_FORMAT = "dwarf-with-dsym";
				ENABLE_NS_ASSERTIONS = NO;
				ENABLE_STRICT_OBJC_MSGSEND = YES;
				GCC_C_LANGUAGE_STANDARD = gnu99;
				GCC_NO_COMMON_BLOCKS = YES;
				GCC_WARN_64_TO_32_BIT_CONVERSION = YES;
				GCC_WARN_ABOUT_RETURN_TYPE = YES_ERROR;
				GCC_WARN_UNDECLARED_SELECTOR = YES;
				GCC_WARN_UNINITIALIZED_AUTOS = YES_AGGRESSIVE;
				GCC_WARN_UNUSED_FUNCTION = YES;
				GCC_WARN_UNUSED_VARIABLE = YES;
				MACOSX_DEPLOYMENT_TARGET = 10.11;
				MTL_ENABLE_DEBUG_INFO = NO;
				SDKROOT = macosx;
			};
			name = Release;
		};
		6B381D9A1DD05ED300721E4A /* Debug */ = {
			isa = XCBuildConfiguration;
			buildSettings = {
				PRODUCT_NAME = "$(TARGET_NAME)";
			};
			name = Debug;
		};
		6B381D9B1DD05ED300721E4A /* Release */ = {
			isa = XCBuildConfiguration;
			buildSettings = {
				PRODUCT_NAME = "$(TARGET_NAME)";
			};
			name = Release;
		};
/* End XCBuildConfiguration section */

/* Begin XCConfigurationList section */
		6B381D8D1DD05ED300721E4A /* Build configuration list for PBXProject "RPProtocol" */ = {
			isa = XCConfigurationList;
			buildConfigurations = (
				6B381D971DD05ED300721E4A /* Debug */,
				6B381D981DD05ED300721E4A /* Release */,
			);
			defaultConfigurationIsVisible = 0;
			defaultConfigurationName = Release;
		};
		6B381D991DD05ED300721E4A /* Build configuration list for PBXNativeTarget "RPProtocol" */ = {
			isa = XCConfigurationList;
			buildConfigurations = (
				6B381D9A1DD05ED300721E4A /* Debug */,
				6B381D9B1DD05ED300721E4A /* Release */,
			);
			defaultConfigurationIsVisible = 0;
		};
/* End XCConfigurationList section */
	};
	rootObject = 6B381D8A1DD05ED300721E4A /* Project object */;
}
